
Microsoft Visual Studio Solution File, Format Version 12.00
# Visual Studio Version 16
VisualStudioVersion = 16.0.31515.178
MinimumVisualStudioVersion = 10.0.40219.1
Project("{FAE04EC0-301F-11D3-BF4B-00C04F79EFBC}") = "prod", "prod\prod.csproj", "{D14C99C2-1C30-47A6-9577-EA21202AAF5D}"
EndProject
Project("{FAE04EC0-301F-11D3-BF4B-00C04F79EFBC}") = "DAL", "DAL\DAL.csproj", "{04F2EBA6-A45C-437E-84E7-95F76C040BDC}"
EndProject
Project("{FAE04EC0-301F-11D3-BF4B-00C04F79EFBC}") = "BLL", "BLL\BLL.csproj", "{559F4276-4D80-4A46-9487-9E99B1C9ECE0}"
EndProject
Global
	GlobalSection(SolutionConfigurationPlatforms) = preSolution
		Debug|Any CPU = Debug|Any CPU
		Release|Any CPU = Release|Any CPU
	EndGlobalSection
	GlobalSection(ProjectConfigurationPlatforms) = postSolution
		{D14C99C2-1C30-47A6-9577-EA21202AAF5D}.Debug|Any CPU.ActiveCfg = Debug|Any CPU
		{D14C99C2-1C30-47A6-9577-EA21202AAF5D}.Debug|Any CPU.Build.0 = Debug|Any CPU
		{D14C99C2-1C30-47A6-9577-EA21202AAF5D}.Release|Any CPU.ActiveCfg = Release|Any CPU
		{D14C99C2-1C30-47A6-9577-EA21202AAF5D}.Release|Any CPU.Build.0 = Release|Any CPU
		{04F2EBA6-A45C-437E-84E7-95F76C040BDC}.Debug|Any CPU.ActiveCfg = Debug|Any CPU
		{04F2EBA6-A45C-437E-84E7-95F76C040BDC}.Debug|Any CPU.Build.0 = Debug|Any CPU
		{04F2EBA6-A45C-437E-84E7-95F76C040BDC}.Release|Any CPU.ActiveCfg = Release|Any CPU
		{04F2EBA6-A45C-437E-84E7-95F76C040BDC}.Release|Any CPU.Build.0 = Release|Any CPU
		{559F4276-4D80-4A46-9487-9E99B1C9ECE0}.Debug|Any CPU.ActiveCfg = Debug|Any CPU
		{559F4276-4D80-4A46-9487-9E99B1C9ECE0}.Debug|Any CPU.Build.0 = Debug|Any CPU
		{559F4276-4D80-4A46-9487-9E99B1C9ECE0}.Release|Any CPU.ActiveCfg = Release|Any CPU
		{559F4276-4D80-4A46-9487-9E99B1C9ECE0}.Release|Any CPU.Build.0 = Release|Any CPU
	EndGlobalSection
	GlobalSection(SolutionProperties) = preSolution
		HideSolutionNode = FALSE
	EndGlobalSection
	GlobalSection(ExtensibilityGlobals) = postSolution
		SolutionGuid = {98553BFE-E2AD-4762-AAC6-20ED27BD1254}
	EndGlobalSection
EndGlobal
